// !$*UTF8*$!
{
	archiveVersion = 1;
	classes = {
	};
	objectVersion = 55;
	objects = {

/* Begin PBXBuildFile section */
		BE18E9E428E858F100F21B46 /* PlayerVC.swift in Sources */ = {isa = PBXBuildFile; fileRef = BE18E9E328E858F100F21B46 /* PlayerVC.swift */; };
		BE18E9E628E85D4900F21B46 /* PlayerVC.xib in Resources */ = {isa = PBXBuildFile; fileRef = BE18E9E528E85D4900F21B46 /* PlayerVC.xib */; };
		BE18E9E828E8794B00F21B46 /* Extension UIImage.swift in Sources */ = {isa = PBXBuildFile; fileRef = BE18E9E728E8794B00F21B46 /* Extension UIImage.swift */; };
		BE845BA528E832F50011AD2F /* PagesController.swift in Sources */ = {isa = PBXBuildFile; fileRef = BE845BA428E832F50011AD2F /* PagesController.swift */; };
		BE845BA928E834AC0011AD2F /* FirstPageVC.swift in Sources */ = {isa = PBXBuildFile; fileRef = BE845BA728E834AC0011AD2F /* FirstPageVC.swift */; };
		BE845BAA28E834AC0011AD2F /* FirstPageVC.xib in Resources */ = {isa = PBXBuildFile; fileRef = BE845BA828E834AC0011AD2F /* FirstPageVC.xib */; };
		BE845BAF28E839240011AD2F /* SecondPageVC.swift in Sources */ = {isa = PBXBuildFile; fileRef = BE845BAD28E839240011AD2F /* SecondPageVC.swift */; };
		BE845BB028E839240011AD2F /* SecondPageVC.xib in Resources */ = {isa = PBXBuildFile; fileRef = BE845BAE28E839240011AD2F /* SecondPageVC.xib */; };
		BE845BB328E83BF60011AD2F /* ThirdPageVC.swift in Sources */ = {isa = PBXBuildFile; fileRef = BE845BB128E83BF60011AD2F /* ThirdPageVC.swift */; };
		BE845BB428E83BF60011AD2F /* ThirdPageVC.xib in Resources */ = {isa = PBXBuildFile; fileRef = BE845BB228E83BF60011AD2F /* ThirdPageVC.xib */; };
		BE845BB728E83C050011AD2F /* FourthPageVC.swift in Sources */ = {isa = PBXBuildFile; fileRef = BE845BB528E83C050011AD2F /* FourthPageVC.swift */; };
		BE845BB828E83C050011AD2F /* FourthPageVC.xib in Resources */ = {isa = PBXBuildFile; fileRef = BE845BB628E83C050011AD2F /* FourthPageVC.xib */; };
		BE8682E528E8893F001D37BC /* TopPlaylistCell.swift in Sources */ = {isa = PBXBuildFile; fileRef = BE8682E328E8893F001D37BC /* TopPlaylistCell.swift */; };
		BE8682E628E8893F001D37BC /* TopPlaylistCell.xib in Resources */ = {isa = PBXBuildFile; fileRef = BE8682E428E8893F001D37BC /* TopPlaylistCell.xib */; };
		BE8682E928E8894F001D37BC /* BotPlaylistCell.swift in Sources */ = {isa = PBXBuildFile; fileRef = BE8682E728E8894F001D37BC /* BotPlaylistCell.swift */; };
		BE8682EA28E8894F001D37BC /* BotPlaylistCell.xib in Resources */ = {isa = PBXBuildFile; fileRef = BE8682E828E8894F001D37BC /* BotPlaylistCell.xib */; };
		BE8682EC28E8897D001D37BC /* Constants.swift in Sources */ = {isa = PBXBuildFile; fileRef = BE8682EB28E8897D001D37BC /* Constants.swift */; };
		BE98C9F228E82EB500BFD314 /* AppDelegate.swift in Sources */ = {isa = PBXBuildFile; fileRef = BE98C9F128E82EB500BFD314 /* AppDelegate.swift */; };
		BE98C9F428E82EB500BFD314 /* SceneDelegate.swift in Sources */ = {isa = PBXBuildFile; fileRef = BE98C9F328E82EB500BFD314 /* SceneDelegate.swift */; };
		BE98C9F628E82EB500BFD314 /* MainView.swift in Sources */ = {isa = PBXBuildFile; fileRef = BE98C9F528E82EB500BFD314 /* MainView.swift */; };
		BE98C9F928E82EB500BFD314 /* Main.storyboard in Resources */ = {isa = PBXBuildFile; fileRef = BE98C9F728E82EB500BFD314 /* Main.storyboard */; };
		BE98C9FB28E82EB600BFD314 /* Assets.xcassets in Resources */ = {isa = PBXBuildFile; fileRef = BE98C9FA28E82EB600BFD314 /* Assets.xcassets */; };
		BE98C9FE28E82EB600BFD314 /* LaunchScreen.storyboard in Resources */ = {isa = PBXBuildFile; fileRef = BE98C9FC28E82EB600BFD314 /* LaunchScreen.storyboard */; };
/* End PBXBuildFile section */

/* Begin PBXFileReference section */
		BE18E9E328E858F100F21B46 /* PlayerVC.swift */ = {isa = PBXFileReference; lastKnownFileType = sourcecode.swift; path = PlayerVC.swift; sourceTree = "<group>"; };
		BE18E9E528E85D4900F21B46 /* PlayerVC.xib */ = {isa = PBXFileReference; lastKnownFileType = file.xib; path = PlayerVC.xib; sourceTree = "<group>"; };
		BE18E9E728E8794B00F21B46 /* Extension UIImage.swift */ = {isa = PBXFileReference; lastKnownFileType = sourcecode.swift; path = "Extension UIImage.swift"; sourceTree = "<group>"; };
		BE845BA428E832F50011AD2F /* PagesController.swift */ = {isa = PBXFileReference; lastKnownFileType = sourcecode.swift; path = PagesController.swift; sourceTree = "<group>"; };
		BE845BA728E834AC0011AD2F /* FirstPageVC.swift */ = {isa = PBXFileReference; lastKnownFileType = sourcecode.swift; path = FirstPageVC.swift; sourceTree = "<group>"; };
		BE845BA828E834AC0011AD2F /* FirstPageVC.xib */ = {isa = PBXFileReference; lastKnownFileType = file.xib; path = FirstPageVC.xib; sourceTree = "<group>"; };
		BE845BAD28E839240011AD2F /* SecondPageVC.swift */ = {isa = PBXFileReference; lastKnownFileType = sourcecode.swift; path = SecondPageVC.swift; sourceTree = "<group>"; };
		BE845BAE28E839240011AD2F /* SecondPageVC.xib */ = {isa = PBXFileReference; lastKnownFileType = file.xib; path = SecondPageVC.xib; sourceTree = "<group>"; };
		BE845BB128E83BF60011AD2F /* ThirdPageVC.swift */ = {isa = PBXFileReference; lastKnownFileType = sourcecode.swift; path = ThirdPageVC.swift; sourceTree = "<group>"; };
		BE845BB228E83BF60011AD2F /* ThirdPageVC.xib */ = {isa = PBXFileReference; lastKnownFileType = file.xib; path = ThirdPageVC.xib; sourceTree = "<group>"; };
		BE845BB528E83C050011AD2F /* FourthPageVC.swift */ = {isa = PBXFileReference; lastKnownFileType = sourcecode.swift; path = FourthPageVC.swift; sourceTree = "<group>"; };
		BE845BB628E83C050011AD2F /* FourthPageVC.xib */ = {isa = PBXFileReference; lastKnownFileType = file.xib; path = FourthPageVC.xib; sourceTree = "<group>"; };
		BE8682E328E8893F001D37BC /* TopPlaylistCell.swift */ = {isa = PBXFileReference; lastKnownFileType = sourcecode.swift; path = TopPlaylistCell.swift; sourceTree = "<group>"; };
		BE8682E428E8893F001D37BC /* TopPlaylistCell.xib */ = {isa = PBXFileReference; lastKnownFileType = file.xib; path = TopPlaylistCell.xib; sourceTree = "<group>"; };
		BE8682E728E8894F001D37BC /* BotPlaylistCell.swift */ = {isa = PBXFileReference; lastKnownFileType = sourcecode.swift; path = BotPlaylistCell.swift; sourceTree = "<group>"; };
		BE8682E828E8894F001D37BC /* BotPlaylistCell.xib */ = {isa = PBXFileReference; lastKnownFileType = file.xib; path = BotPlaylistCell.xib; sourceTree = "<group>"; };
		BE8682EB28E8897D001D37BC /* Constants.swift */ = {isa = PBXFileReference; lastKnownFileType = sourcecode.swift; path = Constants.swift; sourceTree = "<group>"; };
		BE98C9EE28E82EB500BFD314 /* YYApi_Voyo.app */ = {isa = PBXFileReference; explicitFileType = wrapper.application; includeInIndex = 0; path = YYApi_Voyo.app; sourceTree = BUILT_PRODUCTS_DIR; };
		BE98C9F128E82EB500BFD314 /* AppDelegate.swift */ = {isa = PBXFileReference; lastKnownFileType = sourcecode.swift; path = AppDelegate.swift; sourceTree = "<group>"; };
		BE98C9F328E82EB500BFD314 /* SceneDelegate.swift */ = {isa = PBXFileReference; lastKnownFileType = sourcecode.swift; path = SceneDelegate.swift; sourceTree = "<group>"; };
		BE98C9F528E82EB500BFD314 /* MainView.swift */ = {isa = PBXFileReference; lastKnownFileType = sourcecode.swift; path = MainView.swift; sourceTree = "<group>"; };
		BE98C9F828E82EB500BFD314 /* Base */ = {isa = PBXFileReference; lastKnownFileType = file.storyboard; name = Base; path = Base.lproj/Main.storyboard; sourceTree = "<group>"; };
		BE98C9FA28E82EB600BFD314 /* Assets.xcassets */ = {isa = PBXFileReference; lastKnownFileType = folder.assetcatalog; path = Assets.xcassets; sourceTree = "<group>"; };
		BE98C9FD28E82EB600BFD314 /* Base */ = {isa = PBXFileReference; lastKnownFileType = file.storyboard; name = Base; path = Base.lproj/LaunchScreen.storyboard; sourceTree = "<group>"; };
		BE98C9FF28E82EB600BFD314 /* Info.plist */ = {isa = PBXFileReference; lastKnownFileType = text.plist.xml; path = Info.plist; sourceTree = "<group>"; };
/* End PBXFileReference section */

/* Begin PBXFrameworksBuildPhase section */
		BE98C9EB28E82EB400BFD314 /* Frameworks */ = {
			isa = PBXFrameworksBuildPhase;
			buildActionMask = 2147483647;
			files = (
			);
			runOnlyForDeploymentPostprocessing = 0;
		};
/* End PBXFrameworksBuildPhase section */

/* Begin PBXGroup section */
		BE18E9EB28E888F500F21B46 /* Cells */ = {
			isa = PBXGroup;
			children = (
				BE8682E328E8893F001D37BC /* TopPlaylistCell.swift */,
				BE8682E428E8893F001D37BC /* TopPlaylistCell.xib */,
				BE8682E728E8894F001D37BC /* BotPlaylistCell.swift */,
				BE8682E828E8894F001D37BC /* BotPlaylistCell.xib */,
			);
			path = Cells;
			sourceTree = "<group>";
		};
		BE845BA628E8345A0011AD2F /* PagesForPagesController */ = {
			isa = PBXGroup;
			children = (
				BE845BA728E834AC0011AD2F /* FirstPageVC.swift */,
				BE845BA828E834AC0011AD2F /* FirstPageVC.xib */,
				BE845BAD28E839240011AD2F /* SecondPageVC.swift */,
				BE845BAE28E839240011AD2F /* SecondPageVC.xib */,
				BE845BB128E83BF60011AD2F /* ThirdPageVC.swift */,
				BE845BB228E83BF60011AD2F /* ThirdPageVC.xib */,
				BE845BB528E83C050011AD2F /* FourthPageVC.swift */,
				BE845BB628E83C050011AD2F /* FourthPageVC.xib */,
			);
			path = PagesForPagesController;
			sourceTree = "<group>";
		};
		BE98C9E528E82EB400BFD314 = {
			isa = PBXGroup;
			children = (
				BE98C9F028E82EB500BFD314 /* YYApi_Voyo */,
				BE98C9EF28E82EB500BFD314 /* Products */,
			);
			sourceTree = "<group>";
		};
		BE98C9EF28E82EB500BFD314 /* Products */ = {
			isa = PBXGroup;
			children = (
				BE98C9EE28E82EB500BFD314 /* YYApi_Voyo.app */,
			);
			name = Products;
			sourceTree = "<group>";
		};
		BE98C9F028E82EB500BFD314 /* YYApi_Voyo */ = {
			isa = PBXGroup;
			children = (
				BE98CA0528E82EE200BFD314 /* Supporting Files */,
				BE98CA0728E82FE600BFD314 /* Model */,
				BE98CA0628E82FE000BFD314 /* View */,
				BE98CA0828E82FEC00BFD314 /* ViewModel */,
			);
			path = YYApi_Voyo;
			sourceTree = "<group>";
		};
		BE98CA0528E82EE200BFD314 /* Supporting Files */ = {
			isa = PBXGroup;
			children = (
				BE98C9F128E82EB500BFD314 /* AppDelegate.swift */,
				BE98C9F328E82EB500BFD314 /* SceneDelegate.swift */,
				BE98C9FA28E82EB600BFD314 /* Assets.xcassets */,
				BE98C9FC28E82EB600BFD314 /* LaunchScreen.storyboard */,
				BE98C9FF28E82EB600BFD314 /* Info.plist */,
				BE18E9E728E8794B00F21B46 /* Extension UIImage.swift */,
				BE8682EB28E8897D001D37BC /* Constants.swift */,
			);
			path = "Supporting Files";
			sourceTree = "<group>";
		};
		BE98CA0628E82FE000BFD314 /* View */ = {
			isa = PBXGroup;
			children = (
				BE98C9F528E82EB500BFD314 /* MainView.swift */,
				BE98C9F728E82EB500BFD314 /* Main.storyboard */,
				BE18E9E328E858F100F21B46 /* PlayerVC.swift */,
				BE18E9E528E85D4900F21B46 /* PlayerVC.xib */,
				BE18E9EB28E888F500F21B46 /* Cells */,
				BE98CA0D28E8328800BFD314 /* PagesController */,
			);
			path = View;
			sourceTree = "<group>";
		};
		BE98CA0728E82FE600BFD314 /* Model */ = {
			isa = PBXGroup;
			children = (
			);
			path = Model;
			sourceTree = "<group>";
		};
		BE98CA0828E82FEC00BFD314 /* ViewModel */ = {
			isa = PBXGroup;
			children = (
			);
			path = ViewModel;
			sourceTree = "<group>";
		};
		BE98CA0D28E8328800BFD314 /* PagesController */ = {
			isa = PBXGroup;
			children = (
				BE845BA428E832F50011AD2F /* PagesController.swift */,
				BE845BA628E8345A0011AD2F /* PagesForPagesController */,
			);
			path = PagesController;
			sourceTree = "<group>";
		};
/* End PBXGroup section */

/* Begin PBXNativeTarget section */
		BE98C9ED28E82EB400BFD314 /* YYApi_Voyo */ = {
			isa = PBXNativeTarget;
			buildConfigurationList = BE98CA0228E82EB600BFD314 /* Build configuration list for PBXNativeTarget "YYApi_Voyo" */;
			buildPhases = (
				BE98C9EA28E82EB400BFD314 /* Sources */,
				BE98C9EB28E82EB400BFD314 /* Frameworks */,
				BE98C9EC28E82EB400BFD314 /* Resources */,
			);
			buildRules = (
			);
			dependencies = (
			);
			name = YYApi_Voyo;
			productName = YYApi_Voyo;
			productReference = BE98C9EE28E82EB500BFD314 /* YYApi_Voyo.app */;
			productType = "com.apple.product-type.application";
		};
/* End PBXNativeTarget section */

/* Begin PBXProject section */
		BE98C9E628E82EB400BFD314 /* Project object */ = {
			isa = PBXProject;
			attributes = {
				BuildIndependentTargetsInParallel = 1;
				LastSwiftUpdateCheck = 1400;
				LastUpgradeCheck = 1400;
				TargetAttributes = {
					BE98C9ED28E82EB400BFD314 = {
						CreatedOnToolsVersion = 14.0;
					};
				};
			};
			buildConfigurationList = BE98C9E928E82EB400BFD314 /* Build configuration list for PBXProject "YYApi_Voyo" */;
			compatibilityVersion = "Xcode 13.0";
			developmentRegion = en;
			hasScannedForEncodings = 0;
			knownRegions = (
				en,
				Base,
			);
			mainGroup = BE98C9E528E82EB400BFD314;
			productRefGroup = BE98C9EF28E82EB500BFD314 /* Products */;
			projectDirPath = "";
			projectRoot = "";
			targets = (
				BE98C9ED28E82EB400BFD314 /* YYApi_Voyo */,
			);
		};
/* End PBXProject section */

/* Begin PBXResourcesBuildPhase section */
		BE98C9EC28E82EB400BFD314 /* Resources */ = {
			isa = PBXResourcesBuildPhase;
			buildActionMask = 2147483647;
			files = (
				BE98C9FE28E82EB600BFD314 /* LaunchScreen.storyboard in Resources */,
				BE98C9FB28E82EB600BFD314 /* Assets.xcassets in Resources */,
				BE845BAA28E834AC0011AD2F /* FirstPageVC.xib in Resources */,
				BE18E9E628E85D4900F21B46 /* PlayerVC.xib in Resources */,
				BE8682E628E8893F001D37BC /* TopPlaylistCell.xib in Resources */,
				BE845BB828E83C050011AD2F /* FourthPageVC.xib in Resources */,
				BE98C9F928E82EB500BFD314 /* Main.storyboard in Resources */,
				BE845BB028E839240011AD2F /* SecondPageVC.xib in Resources */,
				BE845BB428E83BF60011AD2F /* ThirdPageVC.xib in Resources */,
				BE8682EA28E8894F001D37BC /* BotPlaylistCell.xib in Resources */,
			);
			runOnlyForDeploymentPostprocessing = 0;
		};
/* End PBXResourcesBuildPhase section */

/* Begin PBXSourcesBuildPhase section */
		BE98C9EA28E82EB400BFD314 /* Sources */ = {
			isa = PBXSourcesBuildPhase;
			buildActionMask = 2147483647;
			files = (
				BE18E9E828E8794B00F21B46 /* Extension UIImage.swift in Sources */,
				BE18E9E428E858F100F21B46 /* PlayerVC.swift in Sources */,
				BE8682E528E8893F001D37BC /* TopPlaylistCell.swift in Sources */,
				BE8682E928E8894F001D37BC /* BotPlaylistCell.swift in Sources */,
				BE845BA928E834AC0011AD2F /* FirstPageVC.swift in Sources */,
				BE845BA528E832F50011AD2F /* PagesController.swift in Sources */,
				BE98C9F628E82EB500BFD314 /* MainView.swift in Sources */,
				BE8682EC28E8897D001D37BC /* Constants.swift in Sources */,
				BE845BB728E83C050011AD2F /* FourthPageVC.swift in Sources */,
				BE98C9F228E82EB500BFD314 /* AppDelegate.swift in Sources */,
				BE98C9F428E82EB500BFD314 /* SceneDelegate.swift in Sources */,
				BE845BB328E83BF60011AD2F /* ThirdPageVC.swift in Sources */,
				BE845BAF28E839240011AD2F /* SecondPageVC.swift in Sources */,
			);
			runOnlyForDeploymentPostprocessing = 0;
		};
/* End PBXSourcesBuildPhase section */

/* Begin PBXVariantGroup section */
		BE98C9F728E82EB500BFD314 /* Main.storyboard */ = {
			isa = PBXVariantGroup;
			children = (
				BE98C9F828E82EB500BFD314 /* Base */,
			);
			name = Main.storyboard;
			sourceTree = "<group>";
		};
		BE98C9FC28E82EB600BFD314 /* LaunchScreen.storyboard */ = {
			isa = PBXVariantGroup;
			children = (
				BE98C9FD28E82EB600BFD314 /* Base */,
			);
			name = LaunchScreen.storyboard;
			sourceTree = "<group>";
		};
/* End PBXVariantGroup section */

/* Begin XCBuildConfiguration section */
		BE98CA0028E82EB600BFD314 /* Debug */ = {
			isa = XCBuildConfiguration;
			buildSettings = {
				ALWAYS_SEARCH_USER_PATHS = NO;
				CLANG_ANALYZER_NONNULL = YES;
				CLANG_ANALYZER_NUMBER_OBJECT_CONVERSION = YES_AGGRESSIVE;
				CLANG_CXX_LANGUAGE_STANDARD = "gnu++20";
				CLANG_ENABLE_MODULES = YES;
				CLANG_ENABLE_OBJC_ARC = YES;
				CLANG_ENABLE_OBJC_WEAK = YES;
				CLANG_WARN_BLOCK_CAPTURE_AUTORELEASING = YES;
				CLANG_WARN_BOOL_CONVERSION = YES;
				CLANG_WARN_COMMA = YES;
				CLANG_WARN_CONSTANT_CONVERSION = YES;
				CLANG_WARN_DEPRECATED_OBJC_IMPLEMENTATIONS = YES;
				CLANG_WARN_DIRECT_OBJC_ISA_USAGE = YES_ERROR;
				CLANG_WARN_DOCUMENTATION_COMMENTS = YES;
				CLANG_WARN_EMPTY_BODY = YES;
				CLANG_WARN_ENUM_CONVERSION = YES;
				CLANG_WARN_INFINITE_RECURSION = YES;
				CLANG_WARN_INT_CONVERSION = YES;
				CLANG_WARN_NON_LITERAL_NULL_CONVERSION = YES;
				CLANG_WARN_OBJC_IMPLICIT_RETAIN_SELF = YES;
				CLANG_WARN_OBJC_LITERAL_CONVERSION = YES;
				CLANG_WARN_OBJC_ROOT_CLASS = YES_ERROR;
				CLANG_WARN_QUOTED_INCLUDE_IN_FRAMEWORK_HEADER = YES;
				CLANG_WARN_RANGE_LOOP_ANALYSIS = YES;
				CLANG_WARN_STRICT_PROTOTYPES = YES;
				CLANG_WARN_SUSPICIOUS_MOVE = YES;
				CLANG_WARN_UNGUARDED_AVAILABILITY = YES_AGGRESSIVE;
				CLANG_WARN_UNREACHABLE_CODE = YES;
				CLANG_WARN__DUPLICATE_METHOD_MATCH = YES;
				COPY_PHASE_STRIP = NO;
				DEBUG_INFORMATION_FORMAT = dwarf;
				ENABLE_STRICT_OBJC_MSGSEND = YES;
				ENABLE_TESTABILITY = YES;
				GCC_C_LANGUAGE_STANDARD = gnu11;
				GCC_DYNAMIC_NO_PIC = NO;
				GCC_NO_COMMON_BLOCKS = YES;
				GCC_OPTIMIZATION_LEVEL = 0;
				GCC_PREPROCESSOR_DEFINITIONS = (
					"DEBUG=1",
					"$(inherited)",
				);
				GCC_WARN_64_TO_32_BIT_CONVERSION = YES;
				GCC_WARN_ABOUT_RETURN_TYPE = YES_ERROR;
				GCC_WARN_UNDECLARED_SELECTOR = YES;
				GCC_WARN_UNINITIALIZED_AUTOS = YES_AGGRESSIVE;
				GCC_WARN_UNUSED_FUNCTION = YES;
				GCC_WARN_UNUSED_VARIABLE = YES;
				IPHONEOS_DEPLOYMENT_TARGET = 15.0;
				MTL_ENABLE_DEBUG_INFO = INCLUDE_SOURCE;
				MTL_FAST_MATH = YES;
				ONLY_ACTIVE_ARCH = YES;
				SDKROOT = iphoneos;
				SWIFT_ACTIVE_COMPILATION_CONDITIONS = DEBUG;
				SWIFT_OPTIMIZATION_LEVEL = "-Onone";
			};
			name = Debug;
		};
		BE98CA0128E82EB600BFD314 /* Release */ = {
			isa = XCBuildConfiguration;
			buildSettings = {
				ALWAYS_SEARCH_USER_PATHS = NO;
				CLANG_ANALYZER_NONNULL = YES;
				CLANG_ANALYZER_NUMBER_OBJECT_CONVERSION = YES_AGGRESSIVE;
				CLANG_CXX_LANGUAGE_STANDARD = "gnu++20";
				CLANG_ENABLE_MODULES = YES;
				CLANG_ENABLE_OBJC_ARC = YES;
				CLANG_ENABLE_OBJC_WEAK = YES;
				CLANG_WARN_BLOCK_CAPTURE_AUTORELEASING = YES;
				CLANG_WARN_BOOL_CONVERSION = YES;
				CLANG_WARN_COMMA = YES;
				CLANG_WARN_CONSTANT_CONVERSION = YES;
				CLANG_WARN_DEPRECATED_OBJC_IMPLEMENTATIONS = YES;
				CLANG_WARN_DIRECT_OBJC_ISA_USAGE = YES_ERROR;
				CLANG_WARN_DOCUMENTATION_COMMENTS = YES;
				CLANG_WARN_EMPTY_BODY = YES;
				CLANG_WARN_ENUM_CONVERSION = YES;
				CLANG_WARN_INFINITE_RECURSION = YES;
				CLANG_WARN_INT_CONVERSION = YES;
				CLANG_WARN_NON_LITERAL_NULL_CONVERSION = YES;
				CLANG_WARN_OBJC_IMPLICIT_RETAIN_SELF = YES;
				CLANG_WARN_OBJC_LITERAL_CONVERSION = YES;
				CLANG_WARN_OBJC_ROOT_CLASS = YES_ERROR;
				CLANG_WARN_QUOTED_INCLUDE_IN_FRAMEWORK_HEADER = YES;
				CLANG_WARN_RANGE_LOOP_ANALYSIS = YES;
				CLANG_WARN_STRICT_PROTOTYPES = YES;
				CLANG_WARN_SUSPICIOUS_MOVE = YES;
				CLANG_WARN_UNGUARDED_AVAILABILITY = YES_AGGRESSIVE;
				CLANG_WARN_UNREACHABLE_CODE = YES;
				CLANG_WARN__DUPLICATE_METHOD_MATCH = YES;
				COPY_PHASE_STRIP = NO;
				DEBUG_INFORMATION_FORMAT = "dwarf-with-dsym";
				ENABLE_NS_ASSERTIONS = NO;
				ENABLE_STRICT_OBJC_MSGSEND = YES;
				GCC_C_LANGUAGE_STANDARD = gnu11;
				GCC_NO_COMMON_BLOCKS = YES;
				GCC_WARN_64_TO_32_BIT_CONVERSION = YES;
				GCC_WARN_ABOUT_RETURN_TYPE = YES_ERROR;
				GCC_WARN_UNDECLARED_SELECTOR = YES;
				GCC_WARN_UNINITIALIZED_AUTOS = YES_AGGRESSIVE;
				GCC_WARN_UNUSED_FUNCTION = YES;
				GCC_WARN_UNUSED_VARIABLE = YES;
				IPHONEOS_DEPLOYMENT_TARGET = 15.0;
				MTL_ENABLE_DEBUG_INFO = NO;
				MTL_FAST_MATH = YES;
				SDKROOT = iphoneos;
				SWIFT_COMPILATION_MODE = wholemodule;
				SWIFT_OPTIMIZATION_LEVEL = "-O";
				VALIDATE_PRODUCT = YES;
			};
			name = Release;
		};
		BE98CA0328E82EB600BFD314 /* Debug */ = {
			isa = XCBuildConfiguration;
			buildSettings = {
				ASSETCATALOG_COMPILER_APPICON_NAME = AppIcon;
				ASSETCATALOG_COMPILER_GLOBAL_ACCENT_COLOR_NAME = AccentColor;
				CODE_SIGN_STYLE = Automatic;
				CURRENT_PROJECT_VERSION = 1;
				DEVELOPMENT_TEAM = 9FL5FRNFVL;
				GENERATE_INFOPLIST_FILE = YES;
				INFOPLIST_FILE = "YYApi_Voyo/Supporting Files/Info.plist";
				INFOPLIST_KEY_UIApplicationSupportsIndirectInputEvents = YES;
				INFOPLIST_KEY_UILaunchStoryboardName = LaunchScreen;
				INFOPLIST_KEY_UIMainStoryboardFile = Main;
				INFOPLIST_KEY_UISupportedInterfaceOrientations = UIInterfaceOrientationPortrait;
				INFOPLIST_KEY_UISupportedInterfaceOrientations_iPad = "UIInterfaceOrientationLandscapeLeft UIInterfaceOrientationLandscapeRight UIInterfaceOrientationPortrait UIInterfaceOrientationPortraitUpsideDown";
				IPHONEOS_DEPLOYMENT_TARGET = 15.0;
				LD_RUNPATH_SEARCH_PATHS = (
					"$(inherited)",
					"@executable_path/Frameworks",
				);
				MARKETING_VERSION = 1.0;
				PRODUCT_BUNDLE_IDENTIFIER = "sdox.com.YYApi-Voyo";
				PRODUCT_NAME = "$(TARGET_NAME)";
				SUPPORTED_PLATFORMS = "iphoneos iphonesimulator";
				SUPPORTS_MACCATALYST = NO;
				SUPPORTS_MAC_DESIGNED_FOR_IPHONE_IPAD = NO;
				SWIFT_EMIT_LOC_STRINGS = YES;
				SWIFT_VERSION = 5.0;
				TARGETED_DEVICE_FAMILY = 1;
			};
			name = Debug;
		};
		BE98CA0428E82EB600BFD314 /* Release */ = {
			isa = XCBuildConfiguration;
			buildSettings = {
				ASSETCATALOG_COMPILER_APPICON_NAME = AppIcon;
				ASSETCATALOG_COMPILER_GLOBAL_ACCENT_COLOR_NAME = AccentColor;
				CODE_SIGN_STYLE = Automatic;
				CURRENT_PROJECT_VERSION = 1;
				DEVELOPMENT_TEAM = 9FL5FRNFVL;
				GENERATE_INFOPLIST_FILE = YES;
				INFOPLIST_FILE = "YYApi_Voyo/Supporting Files/Info.plist";
				INFOPLIST_KEY_UIApplicationSupportsIndirectInputEvents = YES;
				INFOPLIST_KEY_UILaunchStoryboardName = LaunchScreen;
				INFOPLIST_KEY_UIMainStoryboardFile = Main;
				INFOPLIST_KEY_UISupportedInterfaceOrientations = UIInterfaceOrientationPortrait;
				INFOPLIST_KEY_UISupportedInterfaceOrientations_iPad = "UIInterfaceOrientationLandscapeLeft UIInterfaceOrientationLandscapeRight UIInterfaceOrientationPortrait UIInterfaceOrientationPortraitUpsideDown";
				IPHONEOS_DEPLOYMENT_TARGET = 15.0;
				LD_RUNPATH_SEARCH_PATHS = (
					"$(inherited)",
					"@executable_path/Frameworks",
				);
				MARKETING_VERSION = 1.0;
				PRODUCT_BUNDLE_IDENTIFIER = "sdox.com.YYApi-Voyo";
				PRODUCT_NAME = "$(TARGET_NAME)";
				SUPPORTED_PLATFORMS = "iphoneos iphonesimulator";
				SUPPORTS_MACCATALYST = NO;
				SUPPORTS_MAC_DESIGNED_FOR_IPHONE_IPAD = NO;
				SWIFT_EMIT_LOC_STRINGS = YES;
				SWIFT_VERSION = 5.0;
				TARGETED_DEVICE_FAMILY = 1;
			};
			name = Release;
		};
/* End XCBuildConfiguration section */

/* Begin XCConfigurationList section */
		BE98C9E928E82EB400BFD314 /* Build configuration list for PBXProject "YYApi_Voyo" */ = {
			isa = XCConfigurationList;
			buildConfigurations = (
				BE98CA0028E82EB600BFD314 /* Debug */,
				BE98CA0128E82EB600BFD314 /* Release */,
			);
			defaultConfigurationIsVisible = 0;
			defaultConfigurationName = Release;
		};
		BE98CA0228E82EB600BFD314 /* Build configuration list for PBXNativeTarget "YYApi_Voyo" */ = {
			isa = XCConfigurationList;
			buildConfigurations = (
				BE98CA0328E82EB600BFD314 /* Debug */,
				BE98CA0428E82EB600BFD314 /* Release */,
			);
			defaultConfigurationIsVisible = 0;
			defaultConfigurationName = Release;
		};
/* End XCConfigurationList section */
	};
	rootObject = BE98C9E628E82EB400BFD314 /* Project object */;
}
